{
  "name": "jff-canvas",
  "version": "0.0.1",
  "lockfileVersion": 1,
  "requires": true,
  "dependencies": {
    "esbuild": {
      "version": "0.7.4",
      "resolved": "https://registry.npmjs.org/esbuild/-/esbuild-0.7.4.tgz",
      "integrity": "sha512-HC4BpiUIXWBkGOlLuHhAT/rMs780WgEoq5NuGIQipQ7xHxHYECs/tvt4Y6ksAwQpsG2gaIpRGXljkwyeVmDuhQ==",
      "dev": true
    }
  }
}
